
Microsoft Visual Studio Solution File, Format Version 12.00
# Visual Studio Version 17
VisualStudioVersion = 17.6.33815.320
MinimumVisualStudioVersion = 10.0.40219.1
Project("{9A19103F-16F7-4668-BE54-9A1E7A4F7556}") = "TS.Endpoints.UI", "TenderStore\TS.Endpoints.UI.csproj", "{ABA38BEF-3ECD-4A40-A037-F809A2F46C69}"
EndProject
Project("{2150E333-8FDC-42A3-9474-1A3956D46DE8}") = "01.Domain", "01.Domain", "{F870AC42-096E-4E12-BB13-CB13D9BFAB56}"
EndProject
Project("{2150E333-8FDC-42A3-9474-1A3956D46DE8}") = "02.Infrastructure", "02.Infrastructure", "{0689C28C-AF6A-4BF5-A21B-235E69F0307F}"
EndProject
Project("{2150E333-8FDC-42A3-9474-1A3956D46DE8}") = "03.Endpoint", "03.Endpoint", "{00D1309B-4169-4FEF-A793-CB3FF1FA91A1}"
EndProject
Project("{2150E333-8FDC-42A3-9474-1A3956D46DE8}") = "Core", "Core", "{A26D0B38-1388-4F0D-8BF6-6D111417C01B}"
EndProject
Project("{2150E333-8FDC-42A3-9474-1A3956D46DE8}") = "Services", "Services", "{ED5B3A6F-F16C-4D32-98B0-7D348229C2F3}"
EndProject
Project("{9A19103F-16F7-4668-BE54-9A1E7A4F7556}") = "TS.Domain.Core", "TS.Domain.Core\TS.Domain.Core.csproj", "{168966E4-F23F-4555-BE49-0F03D34BCAB5}"
EndProject
Project("{9A19103F-16F7-4668-BE54-9A1E7A4F7556}") = "TS.Domain.Services", "TS.Domain.Services\TS.Domain.Services.csproj", "{9F702E2C-083D-459F-981E-78C95C9C8B4C}"
EndProject
Project("{9A19103F-16F7-4668-BE54-9A1E7A4F7556}") = "TS.Domain.ApplicationServices", "TS.Domain.ApplicationServices\TS.Domain.ApplicationServices.csproj", "{95581F65-43F7-46BB-B1C1-441293ABBCCD}"
EndProject
Project("{9A19103F-16F7-4668-BE54-9A1E7A4F7556}") = "TS.Infrastructure.Database.SqlServer", "TS.Infrastructure.Database.SqlServer\TS.Infrastructure.Database.SqlServer.csproj", "{8BAAF9DB-3135-4F90-A2DA-FE6C317E25F2}"
EndProject
Project("{2150E333-8FDC-42A3-9474-1A3956D46DE8}") = "Repositories", "Repositories", "{21066F84-BF1B-4C06-88CF-0F8E18725216}"
EndProject
Project("{2150E333-8FDC-42A3-9474-1A3956D46DE8}") = "Databases", "Databases", "{EC1AB513-F5A0-45EE-9DF2-5D0BF974DFC3}"
EndProject
Project("{FAE04EC0-301F-11D3-BF4B-00C04F79EFBC}") = "TS.Infrastructures.DB.Repo.Ef", "TS.Infrastructures.DB.Repo.Ef\TS.Infrastructures.DB.Repo.Ef.csproj", "{238ACE23-3CAE-4222-AA9B-5A822759A048}"
EndProject
Global
	GlobalSection(SolutionConfigurationPlatforms) = preSolution
		Debug|Any CPU = Debug|Any CPU
		Release|Any CPU = Release|Any CPU
	EndGlobalSection
	GlobalSection(ProjectConfigurationPlatforms) = postSolution
		{ABA38BEF-3ECD-4A40-A037-F809A2F46C69}.Debug|Any CPU.ActiveCfg = Debug|Any CPU
		{ABA38BEF-3ECD-4A40-A037-F809A2F46C69}.Debug|Any CPU.Build.0 = Debug|Any CPU
		{ABA38BEF-3ECD-4A40-A037-F809A2F46C69}.Release|Any CPU.ActiveCfg = Release|Any CPU
		{ABA38BEF-3ECD-4A40-A037-F809A2F46C69}.Release|Any CPU.Build.0 = Release|Any CPU
		{168966E4-F23F-4555-BE49-0F03D34BCAB5}.Debug|Any CPU.ActiveCfg = Debug|Any CPU
		{168966E4-F23F-4555-BE49-0F03D34BCAB5}.Debug|Any CPU.Build.0 = Debug|Any CPU
		{168966E4-F23F-4555-BE49-0F03D34BCAB5}.Release|Any CPU.ActiveCfg = Release|Any CPU
		{168966E4-F23F-4555-BE49-0F03D34BCAB5}.Release|Any CPU.Build.0 = Release|Any CPU
		{9F702E2C-083D-459F-981E-78C95C9C8B4C}.Debug|Any CPU.ActiveCfg = Debug|Any CPU
		{9F702E2C-083D-459F-981E-78C95C9C8B4C}.Debug|Any CPU.Build.0 = Debug|Any CPU
		{9F702E2C-083D-459F-981E-78C95C9C8B4C}.Release|Any CPU.ActiveCfg = Release|Any CPU
		{9F702E2C-083D-459F-981E-78C95C9C8B4C}.Release|Any CPU.Build.0 = Release|Any CPU
		{95581F65-43F7-46BB-B1C1-441293ABBCCD}.Debug|Any CPU.ActiveCfg = Debug|Any CPU
		{95581F65-43F7-46BB-B1C1-441293ABBCCD}.Debug|Any CPU.Build.0 = Debug|Any CPU
		{95581F65-43F7-46BB-B1C1-441293ABBCCD}.Release|Any CPU.ActiveCfg = Release|Any CPU
		{95581F65-43F7-46BB-B1C1-441293ABBCCD}.Release|Any CPU.Build.0 = Release|Any CPU
		{8BAAF9DB-3135-4F90-A2DA-FE6C317E25F2}.Debug|Any CPU.ActiveCfg = Debug|Any CPU
		{8BAAF9DB-3135-4F90-A2DA-FE6C317E25F2}.Debug|Any CPU.Build.0 = Debug|Any CPU
		{8BAAF9DB-3135-4F90-A2DA-FE6C317E25F2}.Release|Any CPU.ActiveCfg = Release|Any CPU
		{8BAAF9DB-3135-4F90-A2DA-FE6C317E25F2}.Release|Any CPU.Build.0 = Release|Any CPU
		{238ACE23-3CAE-4222-AA9B-5A822759A048}.Debug|Any CPU.ActiveCfg = Debug|Any CPU
		{238ACE23-3CAE-4222-AA9B-5A822759A048}.Debug|Any CPU.Build.0 = Debug|Any CPU
		{238ACE23-3CAE-4222-AA9B-5A822759A048}.Release|Any CPU.ActiveCfg = Release|Any CPU
		{238ACE23-3CAE-4222-AA9B-5A822759A048}.Release|Any CPU.Build.0 = Release|Any CPU
	EndGlobalSection
	GlobalSection(SolutionProperties) = preSolution
		HideSolutionNode = FALSE
	EndGlobalSection
	GlobalSection(NestedProjects) = preSolution
		{ABA38BEF-3ECD-4A40-A037-F809A2F46C69} = {00D1309B-4169-4FEF-A793-CB3FF1FA91A1}
		{A26D0B38-1388-4F0D-8BF6-6D111417C01B} = {F870AC42-096E-4E12-BB13-CB13D9BFAB56}
		{ED5B3A6F-F16C-4D32-98B0-7D348229C2F3} = {F870AC42-096E-4E12-BB13-CB13D9BFAB56}
		{168966E4-F23F-4555-BE49-0F03D34BCAB5} = {A26D0B38-1388-4F0D-8BF6-6D111417C01B}
		{9F702E2C-083D-459F-981E-78C95C9C8B4C} = {ED5B3A6F-F16C-4D32-98B0-7D348229C2F3}
		{95581F65-43F7-46BB-B1C1-441293ABBCCD} = {ED5B3A6F-F16C-4D32-98B0-7D348229C2F3}
		{8BAAF9DB-3135-4F90-A2DA-FE6C317E25F2} = {EC1AB513-F5A0-45EE-9DF2-5D0BF974DFC3}
		{21066F84-BF1B-4C06-88CF-0F8E18725216} = {0689C28C-AF6A-4BF5-A21B-235E69F0307F}
		{EC1AB513-F5A0-45EE-9DF2-5D0BF974DFC3} = {0689C28C-AF6A-4BF5-A21B-235E69F0307F}
		{238ACE23-3CAE-4222-AA9B-5A822759A048} = {21066F84-BF1B-4C06-88CF-0F8E18725216}
	EndGlobalSection
	GlobalSection(ExtensibilityGlobals) = postSolution
		SolutionGuid = {5AA9B22A-182D-4841-B202-B8D7F0B34806}
	EndGlobalSection
EndGlobal
